// !$*UTF8*$!
{
	archiveVersion = 1;
	classes = {
	};
	objectVersion = 56;
	objects = {

/* Begin PBXBuildFile section */
		6E0A8CE22AE9EF270086EC70 /* CateGoryTableRepositary.swift in Sources */ = {isa = PBXBuildFile; fileRef = 6E0A8CE12AE9EF270086EC70 /* CateGoryTableRepositary.swift */; };
		6E16B06E2AE2972200071396 /* AddControllerViewModel.swift in Sources */ = {isa = PBXBuildFile; fileRef = 6E16B06D2AE2972200071396 /* AddControllerViewModel.swift */; };
		6E16B0702AE29B9600071396 /* SaveAddCategory.swift in Sources */ = {isa = PBXBuildFile; fileRef = 6E16B06F2AE29B9600071396 /* SaveAddCategory.swift */; };
		6E2C1E452AE0A43500CD6004 /* AllCategoryViewcontroller.swift in Sources */ = {isa = PBXBuildFile; fileRef = 6E2C1E442AE0A43500CD6004 /* AllCategoryViewcontroller.swift */; };
		6E2C1E472AE0A4F200CD6004 /* AllSearchViewController.swift in Sources */ = {isa = PBXBuildFile; fileRef = 6E2C1E462AE0A4F200CD6004 /* AllSearchViewController.swift */; };
		6E35A5B12ACD33D200E2306C /* Observable.swift in Sources */ = {isa = PBXBuildFile; fileRef = 6E35A5B02ACD33D200E2306C /* Observable.swift */; };
		6E35A5B32ACD34D600E2306C /* LinkViewModel.swift in Sources */ = {isa = PBXBuildFile; fileRef = 6E35A5B22ACD34D600E2306C /* LinkViewModel.swift */; };
		6E46C9CA2ADE366200B519E3 /* Toast in Frameworks */ = {isa = PBXBuildFile; productRef = 6E46C9C92ADE366200B519E3 /* Toast */; };
		6E586A052ACFA81C009BFCC9 /* AddToAnotherCategoryViewController.swift in Sources */ = {isa = PBXBuildFile; fileRef = 6E586A042ACFA81C009BFCC9 /* AddToAnotherCategoryViewController.swift */; };
		6E586A122AD11EF5009BFCC9 /* BaseTableViewCell.swift in Sources */ = {isa = PBXBuildFile; fileRef = 6E586A112AD11EF5009BFCC9 /* BaseTableViewCell.swift */; };
		6E586A172AD144B2009BFCC9 /* ExtensionGroup.swift in Sources */ = {isa = PBXBuildFile; fileRef = 6E586A162AD144B2009BFCC9 /* ExtensionGroup.swift */; };
		6E586A1A2AD25486009BFCC9 /* MetaData.swift in Sources */ = {isa = PBXBuildFile; fileRef = 6E586A192AD25486009BFCC9 /* MetaData.swift */; };
		6E586A1E2AD25504009BFCC9 /* LinkPresentationError.swift in Sources */ = {isa = PBXBuildFile; fileRef = 6E586A1D2AD25504009BFCC9 /* LinkPresentationError.swift */; };
		6E586A202AD255CE009BFCC9 /* MetaController.swift in Sources */ = {isa = PBXBuildFile; fileRef = 6E586A1F2AD255CE009BFCC9 /* MetaController.swift */; };
		6E586A242AD4D812009BFCC9 /* FileManager+Extension.swift in Sources */ = {isa = PBXBuildFile; fileRef = 6E586A232AD4D812009BFCC9 /* FileManager+Extension.swift */; };
		6E586A262AD62692009BFCC9 /* Layout+Extension.swift in Sources */ = {isa = PBXBuildFile; fileRef = 6E586A252AD62692009BFCC9 /* Layout+Extension.swift */; };
		6E74E5D12AC3D5FE0026627D /* AppDelegate.swift in Sources */ = {isa = PBXBuildFile; fileRef = 6E74E5D02AC3D5FE0026627D /* AppDelegate.swift */; };
		6E74E5D32AC3D5FE0026627D /* SceneDelegate.swift in Sources */ = {isa = PBXBuildFile; fileRef = 6E74E5D22AC3D5FE0026627D /* SceneDelegate.swift */; };
		6E74E5D52AC3D5FE0026627D /* HomeViewController.swift in Sources */ = {isa = PBXBuildFile; fileRef = 6E74E5D42AC3D5FE0026627D /* HomeViewController.swift */; };
		6E74E5DA2AC3D5FF0026627D /* Assets.xcassets in Resources */ = {isa = PBXBuildFile; fileRef = 6E74E5D92AC3D5FF0026627D /* Assets.xcassets */; };
		6E74E5DD2AC3D5FF0026627D /* LaunchScreen.storyboard in Resources */ = {isa = PBXBuildFile; fileRef = 6E74E5DB2AC3D5FF0026627D /* LaunchScreen.storyboard */; };
		6E74E64B2AC95CDB0026627D /* BaseViewController.swift in Sources */ = {isa = PBXBuildFile; fileRef = 6E74E64A2AC95CDB0026627D /* BaseViewController.swift */; };
		6E74E64E2AC95DDF0026627D /* CategoryViewController.swift in Sources */ = {isa = PBXBuildFile; fileRef = 6E74E64D2AC95DDF0026627D /* CategoryViewController.swift */; };
		6E74E6522AC95E320026627D /* SettingViewController.swift in Sources */ = {isa = PBXBuildFile; fileRef = 6E74E6512AC95E320026627D /* SettingViewController.swift */; };
		6E74E6582AC960C90026627D /* Realm in Frameworks */ = {isa = PBXBuildFile; productRef = 6E74E6572AC960C90026627D /* Realm */; };
		6E74E65A2AC960C90026627D /* RealmSwift in Frameworks */ = {isa = PBXBuildFile; productRef = 6E74E6592AC960C90026627D /* RealmSwift */; };
		6E74E65F2AC960F50026627D /* BaseCollectionViewCell.swift in Sources */ = {isa = PBXBuildFile; fileRef = 6E74E65E2AC960F50026627D /* BaseCollectionViewCell.swift */; };
		6E74E6612AC961CF0026627D /* HomeCollectionViewCell.swift in Sources */ = {isa = PBXBuildFile; fileRef = 6E74E6602AC961CF0026627D /* HomeCollectionViewCell.swift */; };
		6E74E6642AC979FC0026627D /* CateGoryRealm.swift in Sources */ = {isa = PBXBuildFile; fileRef = 6E74E6632AC979FC0026627D /* CateGoryRealm.swift */; };
		6E74E6672AC9C9230026627D /* AddLinkViewController.swift in Sources */ = {isa = PBXBuildFile; fileRef = 6E74E6662AC9C9230026627D /* AddLinkViewController.swift */; };
		6E74E6692ACA7B950026627D /* CategoryCollectionViewCell.swift in Sources */ = {isa = PBXBuildFile; fileRef = 6E74E6682ACA7B950026627D /* CategoryCollectionViewCell.swift */; };
		6E74E66C2ACA8AE20026627D /* DetailCategoryViewController.swift in Sources */ = {isa = PBXBuildFile; fileRef = 6E74E66B2ACA8AE20026627D /* DetailCategoryViewController.swift */; };
		6E74E66E2ACA97610026627D /* LikeCategoryViewController.swift in Sources */ = {isa = PBXBuildFile; fileRef = 6E74E66D2ACA97610026627D /* LikeCategoryViewController.swift */; };
		6E74E6722ACACADD0026627D /* AddCategoryView.swift in Sources */ = {isa = PBXBuildFile; fileRef = 6E74E6712ACACADD0026627D /* AddCategoryView.swift */; };
		6E74E6752ACAD3750026627D /* WebViewController.swift in Sources */ = {isa = PBXBuildFile; fileRef = 6E74E6742ACAD3750026627D /* WebViewController.swift */; };
		6E7744832ADC6D7A00DD0E90 /* CategoryViewModel.swift in Sources */ = {isa = PBXBuildFile; fileRef = 6E7744822ADC6D7A00DD0E90 /* CategoryViewModel.swift */; };
		6EA78EA22AD92142000B0B93 /* IQKeyboardManagerSwift in Frameworks */ = {isa = PBXBuildFile; productRef = 6EA78EA12AD92142000B0B93 /* IQKeyboardManagerSwift */; };
		6EA7F0902AD7BA8800A11ACD /* SnapKit in Frameworks */ = {isa = PBXBuildFile; productRef = 6EA7F08F2AD7BA8800A11ACD /* SnapKit */; };
		6EAC0E032ACC23B0009C9D00 /* ModifyLinkViewcontroller.swift in Sources */ = {isa = PBXBuildFile; fileRef = 6EAC0E022ACC23B0009C9D00 /* ModifyLinkViewcontroller.swift */; };
		6EF522E12ADFA4F600EFD1D4 /* HomeSearchViewController.swift in Sources */ = {isa = PBXBuildFile; fileRef = 6EF522E02ADFA4F600EFD1D4 /* HomeSearchViewController.swift */; };
/* End PBXBuildFile section */

/* Begin PBXFileReference section */
		6E0A8CE12AE9EF270086EC70 /* CateGoryTableRepositary.swift */ = {isa = PBXFileReference; lastKnownFileType = sourcecode.swift; path = CateGoryTableRepositary.swift; sourceTree = "<group>"; };
		6E16B06D2AE2972200071396 /* AddControllerViewModel.swift */ = {isa = PBXFileReference; lastKnownFileType = sourcecode.swift; path = AddControllerViewModel.swift; sourceTree = "<group>"; };
		6E16B06F2AE29B9600071396 /* SaveAddCategory.swift */ = {isa = PBXFileReference; lastKnownFileType = sourcecode.swift; path = SaveAddCategory.swift; sourceTree = "<group>"; };
		6E2C1E442AE0A43500CD6004 /* AllCategoryViewcontroller.swift */ = {isa = PBXFileReference; lastKnownFileType = sourcecode.swift; path = AllCategoryViewcontroller.swift; sourceTree = "<group>"; };
		6E2C1E462AE0A4F200CD6004 /* AllSearchViewController.swift */ = {isa = PBXFileReference; lastKnownFileType = sourcecode.swift; path = AllSearchViewController.swift; sourceTree = "<group>"; };
		6E35A5B02ACD33D200E2306C /* Observable.swift */ = {isa = PBXFileReference; lastKnownFileType = sourcecode.swift; path = Observable.swift; sourceTree = "<group>"; };
		6E35A5B22ACD34D600E2306C /* LinkViewModel.swift */ = {isa = PBXFileReference; lastKnownFileType = sourcecode.swift; path = LinkViewModel.swift; sourceTree = "<group>"; };
		6E586A042ACFA81C009BFCC9 /* AddToAnotherCategoryViewController.swift */ = {isa = PBXFileReference; lastKnownFileType = sourcecode.swift; path = AddToAnotherCategoryViewController.swift; sourceTree = "<group>"; };
		6E586A112AD11EF5009BFCC9 /* BaseTableViewCell.swift */ = {isa = PBXFileReference; lastKnownFileType = sourcecode.swift; path = BaseTableViewCell.swift; sourceTree = "<group>"; };
		6E586A162AD144B2009BFCC9 /* ExtensionGroup.swift */ = {isa = PBXFileReference; lastKnownFileType = sourcecode.swift; path = ExtensionGroup.swift; sourceTree = "<group>"; };
		6E586A192AD25486009BFCC9 /* MetaData.swift */ = {isa = PBXFileReference; lastKnownFileType = sourcecode.swift; path = MetaData.swift; sourceTree = "<group>"; };
		6E586A1D2AD25504009BFCC9 /* LinkPresentationError.swift */ = {isa = PBXFileReference; lastKnownFileType = sourcecode.swift; path = LinkPresentationError.swift; sourceTree = "<group>"; };
		6E586A1F2AD255CE009BFCC9 /* MetaController.swift */ = {isa = PBXFileReference; lastKnownFileType = sourcecode.swift; path = MetaController.swift; sourceTree = "<group>"; };
		6E586A232AD4D812009BFCC9 /* FileManager+Extension.swift */ = {isa = PBXFileReference; lastKnownFileType = sourcecode.swift; path = "FileManager+Extension.swift"; sourceTree = "<group>"; };
		6E586A252AD62692009BFCC9 /* Layout+Extension.swift */ = {isa = PBXFileReference; lastKnownFileType = sourcecode.swift; path = "Layout+Extension.swift"; sourceTree = "<group>"; };
		6E74E5CD2AC3D5FE0026627D /* MoaMoa.app */ = {isa = PBXFileReference; explicitFileType = wrapper.application; includeInIndex = 0; path = MoaMoa.app; sourceTree = BUILT_PRODUCTS_DIR; };
		6E74E5D02AC3D5FE0026627D /* AppDelegate.swift */ = {isa = PBXFileReference; lastKnownFileType = sourcecode.swift; path = AppDelegate.swift; sourceTree = "<group>"; };
		6E74E5D22AC3D5FE0026627D /* SceneDelegate.swift */ = {isa = PBXFileReference; lastKnownFileType = sourcecode.swift; path = SceneDelegate.swift; sourceTree = "<group>"; };
		6E74E5D42AC3D5FE0026627D /* HomeViewController.swift */ = {isa = PBXFileReference; lastKnownFileType = sourcecode.swift; path = HomeViewController.swift; sourceTree = "<group>"; };
		6E74E5D92AC3D5FF0026627D /* Assets.xcassets */ = {isa = PBXFileReference; lastKnownFileType = folder.assetcatalog; path = Assets.xcassets; sourceTree = "<group>"; };
		6E74E5DC2AC3D5FF0026627D /* Base */ = {isa = PBXFileReference; lastKnownFileType = file.storyboard; name = Base; path = Base.lproj/LaunchScreen.storyboard; sourceTree = "<group>"; };
		6E74E5DE2AC3D5FF0026627D /* Info.plist */ = {isa = PBXFileReference; lastKnownFileType = text.plist.xml; path = Info.plist; sourceTree = "<group>"; };
		6E74E64A2AC95CDB0026627D /* BaseViewController.swift */ = {isa = PBXFileReference; lastKnownFileType = sourcecode.swift; path = BaseViewController.swift; sourceTree = "<group>"; };
		6E74E64D2AC95DDF0026627D /* CategoryViewController.swift */ = {isa = PBXFileReference; lastKnownFileType = sourcecode.swift; path = CategoryViewController.swift; sourceTree = "<group>"; };
		6E74E6512AC95E320026627D /* SettingViewController.swift */ = {isa = PBXFileReference; lastKnownFileType = sourcecode.swift; path = SettingViewController.swift; sourceTree = "<group>"; };
		6E74E65E2AC960F50026627D /* BaseCollectionViewCell.swift */ = {isa = PBXFileReference; lastKnownFileType = sourcecode.swift; path = BaseCollectionViewCell.swift; sourceTree = "<group>"; };
		6E74E6602AC961CF0026627D /* HomeCollectionViewCell.swift */ = {isa = PBXFileReference; lastKnownFileType = sourcecode.swift; path = HomeCollectionViewCell.swift; sourceTree = "<group>"; };
		6E74E6632AC979FC0026627D /* CateGoryRealm.swift */ = {isa = PBXFileReference; lastKnownFileType = sourcecode.swift; path = CateGoryRealm.swift; sourceTree = "<group>"; };
		6E74E6662AC9C9230026627D /* AddLinkViewController.swift */ = {isa = PBXFileReference; lastKnownFileType = sourcecode.swift; path = AddLinkViewController.swift; sourceTree = "<group>"; };
		6E74E6682ACA7B950026627D /* CategoryCollectionViewCell.swift */ = {isa = PBXFileReference; lastKnownFileType = sourcecode.swift; path = CategoryCollectionViewCell.swift; sourceTree = "<group>"; };
		6E74E66B2ACA8AE20026627D /* DetailCategoryViewController.swift */ = {isa = PBXFileReference; lastKnownFileType = sourcecode.swift; path = DetailCategoryViewController.swift; sourceTree = "<group>"; };
		6E74E66D2ACA97610026627D /* LikeCategoryViewController.swift */ = {isa = PBXFileReference; lastKnownFileType = sourcecode.swift; path = LikeCategoryViewController.swift; sourceTree = "<group>"; };
		6E74E6712ACACADD0026627D /* AddCategoryView.swift */ = {isa = PBXFileReference; lastKnownFileType = sourcecode.swift; path = AddCategoryView.swift; sourceTree = "<group>"; };
		6E74E6742ACAD3750026627D /* WebViewController.swift */ = {isa = PBXFileReference; lastKnownFileType = sourcecode.swift; path = WebViewController.swift; sourceTree = "<group>"; };
		6E7744822ADC6D7A00DD0E90 /* CategoryViewModel.swift */ = {isa = PBXFileReference; lastKnownFileType = sourcecode.swift; path = CategoryViewModel.swift; sourceTree = "<group>"; };
		6EA7F0912AD7C99000A11ACD /* ko */ = {isa = PBXFileReference; lastKnownFileType = text.plist.strings; name = ko; path = ko.lproj/LaunchScreen.strings; sourceTree = "<group>"; };
		6EAC0E022ACC23B0009C9D00 /* ModifyLinkViewcontroller.swift */ = {isa = PBXFileReference; lastKnownFileType = sourcecode.swift; path = ModifyLinkViewcontroller.swift; sourceTree = "<group>"; };
		6EF522E02ADFA4F600EFD1D4 /* HomeSearchViewController.swift */ = {isa = PBXFileReference; lastKnownFileType = sourcecode.swift; path = HomeSearchViewController.swift; sourceTree = "<group>"; };
/* End PBXFileReference section */

/* Begin PBXFrameworksBuildPhase section */
		6E74E5CA2AC3D5FE0026627D /* Frameworks */ = {
			isa = PBXFrameworksBuildPhase;
			buildActionMask = 2147483647;
			files = (
				6EA7F0902AD7BA8800A11ACD /* SnapKit in Frameworks */,
				6EA78EA22AD92142000B0B93 /* IQKeyboardManagerSwift in Frameworks */,
				6E74E65A2AC960C90026627D /* RealmSwift in Frameworks */,
				6E46C9CA2ADE366200B519E3 /* Toast in Frameworks */,
				6E74E6582AC960C90026627D /* Realm in Frameworks */,
			);
			runOnlyForDeploymentPostprocessing = 0;
		};
/* End PBXFrameworksBuildPhase section */

/* Begin PBXGroup section */
		6E16B06C2AE2949C00071396 /* AddCategory */ = {
			isa = PBXGroup;
			children = (
				6E16B06F2AE29B9600071396 /* SaveAddCategory.swift */,
				6E74E6712ACACADD0026627D /* AddCategoryView.swift */,
				6E16B06D2AE2972200071396 /* AddControllerViewModel.swift */,
			);
			path = AddCategory;
			sourceTree = "<group>";
		};
		6E586A152AD1447E009BFCC9 /* Extention */ = {
			isa = PBXGroup;
			children = (
				6E586A162AD144B2009BFCC9 /* ExtensionGroup.swift */,
				6E586A232AD4D812009BFCC9 /* FileManager+Extension.swift */,
				6E586A252AD62692009BFCC9 /* Layout+Extension.swift */,
			);
			path = Extention;
			sourceTree = "<group>";
		};
		6E586A182AD2546A009BFCC9 /* LinkPresentation */ = {
			isa = PBXGroup;
			children = (
				6E586A192AD25486009BFCC9 /* MetaData.swift */,
				6E586A1D2AD25504009BFCC9 /* LinkPresentationError.swift */,
				6E586A1F2AD255CE009BFCC9 /* MetaController.swift */,
			);
			path = LinkPresentation;
			sourceTree = "<group>";
		};
		6E74E5C42AC3D5FE0026627D = {
			isa = PBXGroup;
			children = (
				6E74E5CF2AC3D5FE0026627D /* MoaMoa */,
				6E74E5CE2AC3D5FE0026627D /* Products */,
			);
			sourceTree = "<group>";
		};
		6E74E5CE2AC3D5FE0026627D /* Products */ = {
			isa = PBXGroup;
			children = (
				6E74E5CD2AC3D5FE0026627D /* MoaMoa.app */,
			);
			name = Products;
			sourceTree = "<group>";
		};
		6E74E5CF2AC3D5FE0026627D /* MoaMoa */ = {
			isa = PBXGroup;
			children = (
				6E74E6482AC95CB70026627D /* Home */,
				6E586A182AD2546A009BFCC9 /* LinkPresentation */,
				6E586A152AD1447E009BFCC9 /* Extention */,
				6E74E6732ACAD35A0026627D /* WebView */,
				6E74E66A2ACA899D0026627D /* DetailCategory */,
				6E74E64C2AC95DA00026627D /* Category */,
				6E74E64F2AC95DF80026627D /* Setting */,
				6E74E6652AC9C8820026627D /* Link */,
				6E74E6622AC979CA0026627D /* RealmModel */,
				6E74E6492AC95CC40026627D /* Base */,
				6E74E5D02AC3D5FE0026627D /* AppDelegate.swift */,
				6E74E5D22AC3D5FE0026627D /* SceneDelegate.swift */,
				6E74E5D92AC3D5FF0026627D /* Assets.xcassets */,
				6E74E5DB2AC3D5FF0026627D /* LaunchScreen.storyboard */,
				6E74E5DE2AC3D5FF0026627D /* Info.plist */,
				6E35A5B02ACD33D200E2306C /* Observable.swift */,
			);
			path = MoaMoa;
			sourceTree = "<group>";
		};
		6E74E6482AC95CB70026627D /* Home */ = {
			isa = PBXGroup;
			children = (
				6E74E5D42AC3D5FE0026627D /* HomeViewController.swift */,
				6E74E6602AC961CF0026627D /* HomeCollectionViewCell.swift */,
				6EF522E02ADFA4F600EFD1D4 /* HomeSearchViewController.swift */,
			);
			path = Home;
			sourceTree = "<group>";
		};
		6E74E6492AC95CC40026627D /* Base */ = {
			isa = PBXGroup;
			children = (
				6E74E64A2AC95CDB0026627D /* BaseViewController.swift */,
				6E74E65E2AC960F50026627D /* BaseCollectionViewCell.swift */,
				6E586A112AD11EF5009BFCC9 /* BaseTableViewCell.swift */,
			);
			path = Base;
			sourceTree = "<group>";
		};
		6E74E64C2AC95DA00026627D /* Category */ = {
			isa = PBXGroup;
			children = (
				6E16B06C2AE2949C00071396 /* AddCategory */,
				6E74E64D2AC95DDF0026627D /* CategoryViewController.swift */,
				6E74E6682ACA7B950026627D /* CategoryCollectionViewCell.swift */,
				6E7744822ADC6D7A00DD0E90 /* CategoryViewModel.swift */,
			);
			path = Category;
			sourceTree = "<group>";
		};
		6E74E64F2AC95DF80026627D /* Setting */ = {
			isa = PBXGroup;
			children = (
				6E74E6512AC95E320026627D /* SettingViewController.swift */,
			);
			path = Setting;
			sourceTree = "<group>";
		};
		6E74E6622AC979CA0026627D /* RealmModel */ = {
			isa = PBXGroup;
			children = (
				6E74E6632AC979FC0026627D /* CateGoryRealm.swift */,
				6E0A8CE12AE9EF270086EC70 /* CateGoryTableRepositary.swift */,
			);
			path = RealmModel;
			sourceTree = "<group>";
		};
		6E74E6652AC9C8820026627D /* Link */ = {
			isa = PBXGroup;
			children = (
				6E74E6662AC9C9230026627D /* AddLinkViewController.swift */,
				6EAC0E022ACC23B0009C9D00 /* ModifyLinkViewcontroller.swift */,
				6E35A5B22ACD34D600E2306C /* LinkViewModel.swift */,
				6E586A042ACFA81C009BFCC9 /* AddToAnotherCategoryViewController.swift */,
			);
			path = Link;
			sourceTree = "<group>";
		};
		6E74E66A2ACA899D0026627D /* DetailCategory */ = {
			isa = PBXGroup;
			children = (
				6E74E66D2ACA97610026627D /* LikeCategoryViewController.swift */,
				6E74E66B2ACA8AE20026627D /* DetailCategoryViewController.swift */,
				6E2C1E442AE0A43500CD6004 /* AllCategoryViewcontroller.swift */,
				6E2C1E462AE0A4F200CD6004 /* AllSearchViewController.swift */,
			);
			path = DetailCategory;
			sourceTree = "<group>";
		};
		6E74E6732ACAD35A0026627D /* WebView */ = {
			isa = PBXGroup;
			children = (
				6E74E6742ACAD3750026627D /* WebViewController.swift */,
			);
			path = WebView;
			sourceTree = "<group>";
		};
/* End PBXGroup section */

/* Begin PBXNativeTarget section */
		6E74E5CC2AC3D5FE0026627D /* MoaMoa */ = {
			isa = PBXNativeTarget;
			buildConfigurationList = 6E74E5E12AC3D5FF0026627D /* Build configuration list for PBXNativeTarget "MoaMoa" */;
			buildPhases = (
				6E74E5C92AC3D5FE0026627D /* Sources */,
				6E74E5CA2AC3D5FE0026627D /* Frameworks */,
				6E74E5CB2AC3D5FE0026627D /* Resources */,
			);
			buildRules = (
			);
			dependencies = (
			);
			name = MoaMoa;
			packageProductDependencies = (
				6E74E6572AC960C90026627D /* Realm */,
				6E74E6592AC960C90026627D /* RealmSwift */,
				6EA7F08F2AD7BA8800A11ACD /* SnapKit */,
				6EA78EA12AD92142000B0B93 /* IQKeyboardManagerSwift */,
				6E46C9C92ADE366200B519E3 /* Toast */,
			);
			productName = MoaMoa;
			productReference = 6E74E5CD2AC3D5FE0026627D /* MoaMoa.app */;
			productType = "com.apple.product-type.application";
		};
/* End PBXNativeTarget section */

/* Begin PBXProject section */
		6E74E5C52AC3D5FE0026627D /* Project object */ = {
			isa = PBXProject;
			attributes = {
				BuildIndependentTargetsInParallel = 1;
				LastSwiftUpdateCheck = 1500;
				LastUpgradeCheck = 1500;
				TargetAttributes = {
					6E74E5CC2AC3D5FE0026627D = {
						CreatedOnToolsVersion = 15.0;
					};
				};
			};
			buildConfigurationList = 6E74E5C82AC3D5FE0026627D /* Build configuration list for PBXProject "MoaMoa" */;
			compatibilityVersion = "Xcode 14.0";
			developmentRegion = ko;
			hasScannedForEncodings = 0;
			knownRegions = (
				Base,
				ko,
			);
			mainGroup = 6E74E5C42AC3D5FE0026627D;
			packageReferences = (
				6E74E6562AC960C90026627D /* XCRemoteSwiftPackageReference "realm-swift" */,
				6EA7F08E2AD7BA8800A11ACD /* XCRemoteSwiftPackageReference "SnapKit" */,
				6EA78EA02AD92142000B0B93 /* XCRemoteSwiftPackageReference "IQKeyboardManager" */,
				6E46C9C82ADE366200B519E3 /* XCRemoteSwiftPackageReference "Toast-Swift" */,
			);
			productRefGroup = 6E74E5CE2AC3D5FE0026627D /* Products */;
			projectDirPath = "";
			projectRoot = "";
			targets = (
				6E74E5CC2AC3D5FE0026627D /* MoaMoa */,
			);
		};
/* End PBXProject section */

/* Begin PBXResourcesBuildPhase section */
		6E74E5CB2AC3D5FE0026627D /* Resources */ = {
			isa = PBXResourcesBuildPhase;
			buildActionMask = 2147483647;
			files = (
				6E74E5DD2AC3D5FF0026627D /* LaunchScreen.storyboard in Resources */,
				6E74E5DA2AC3D5FF0026627D /* Assets.xcassets in Resources */,
			);
			runOnlyForDeploymentPostprocessing = 0;
		};
/* End PBXResourcesBuildPhase section */

/* Begin PBXSourcesBuildPhase section */
		6E74E5C92AC3D5FE0026627D /* Sources */ = {
			isa = PBXSourcesBuildPhase;
			buildActionMask = 2147483647;
			files = (
				6E7744832ADC6D7A00DD0E90 /* CategoryViewModel.swift in Sources */,
				6E74E64E2AC95DDF0026627D /* CategoryViewController.swift in Sources */,
				6E74E65F2AC960F50026627D /* BaseCollectionViewCell.swift in Sources */,
				6E74E5D52AC3D5FE0026627D /* HomeViewController.swift in Sources */,
				6E74E64B2AC95CDB0026627D /* BaseViewController.swift in Sources */,
				6E35A5B12ACD33D200E2306C /* Observable.swift in Sources */,
				6E16B0702AE29B9600071396 /* SaveAddCategory.swift in Sources */,
				6E74E5D12AC3D5FE0026627D /* AppDelegate.swift in Sources */,
				6EF522E12ADFA4F600EFD1D4 /* HomeSearchViewController.swift in Sources */,
				6E586A052ACFA81C009BFCC9 /* AddToAnotherCategoryViewController.swift in Sources */,
				6E74E66C2ACA8AE20026627D /* DetailCategoryViewController.swift in Sources */,
				6E2C1E472AE0A4F200CD6004 /* AllSearchViewController.swift in Sources */,
				6E74E5D32AC3D5FE0026627D /* SceneDelegate.swift in Sources */,
				6E74E66E2ACA97610026627D /* LikeCategoryViewController.swift in Sources */,
				6E74E6522AC95E320026627D /* SettingViewController.swift in Sources */,
				6E74E6672AC9C9230026627D /* AddLinkViewController.swift in Sources */,
				6E74E6722ACACADD0026627D /* AddCategoryView.swift in Sources */,
				6E586A202AD255CE009BFCC9 /* MetaController.swift in Sources */,
				6E74E6692ACA7B950026627D /* CategoryCollectionViewCell.swift in Sources */,
				6E586A172AD144B2009BFCC9 /* ExtensionGroup.swift in Sources */,
				6E586A122AD11EF5009BFCC9 /* BaseTableViewCell.swift in Sources */,
				6E586A1A2AD25486009BFCC9 /* MetaData.swift in Sources */,
				6E0A8CE22AE9EF270086EC70 /* CateGoryTableRepositary.swift in Sources */,
				6E16B06E2AE2972200071396 /* AddControllerViewModel.swift in Sources */,
				6E586A262AD62692009BFCC9 /* Layout+Extension.swift in Sources */,
				6E2C1E452AE0A43500CD6004 /* AllCategoryViewcontroller.swift in Sources */,
				6E74E6642AC979FC0026627D /* CateGoryRealm.swift in Sources */,
				6E74E6612AC961CF0026627D /* HomeCollectionViewCell.swift in Sources */,
				6E74E6752ACAD3750026627D /* WebViewController.swift in Sources */,
				6E586A1E2AD25504009BFCC9 /* LinkPresentationError.swift in Sources */,
				6E35A5B32ACD34D600E2306C /* LinkViewModel.swift in Sources */,
				6EAC0E032ACC23B0009C9D00 /* ModifyLinkViewcontroller.swift in Sources */,
				6E586A242AD4D812009BFCC9 /* FileManager+Extension.swift in Sources */,
			);
			runOnlyForDeploymentPostprocessing = 0;
		};
/* End PBXSourcesBuildPhase section */

/* Begin PBXVariantGroup section */
		6E74E5DB2AC3D5FF0026627D /* LaunchScreen.storyboard */ = {
			isa = PBXVariantGroup;
			children = (
				6E74E5DC2AC3D5FF0026627D /* Base */,
				6EA7F0912AD7C99000A11ACD /* ko */,
			);
			name = LaunchScreen.storyboard;
			sourceTree = "<group>";
		};
/* End PBXVariantGroup section */

/* Begin XCBuildConfiguration section */
		6E74E5DF2AC3D5FF0026627D /* Debug */ = {
			isa = XCBuildConfiguration;
			buildSettings = {
				ALWAYS_SEARCH_USER_PATHS = NO;
				ASSETCATALOG_COMPILER_GENERATE_SWIFT_ASSET_SYMBOL_EXTENSIONS = YES;
				CLANG_ANALYZER_LOCALIZABILITY_NONLOCALIZED = YES;
				CLANG_ANALYZER_NONNULL = YES;
				CLANG_ANALYZER_NUMBER_OBJECT_CONVERSION = YES_AGGRESSIVE;
				CLANG_CXX_LANGUAGE_STANDARD = "gnu++20";
				CLANG_ENABLE_MODULES = YES;
				CLANG_ENABLE_OBJC_ARC = YES;
				CLANG_ENABLE_OBJC_WEAK = YES;
				CLANG_WARN_BLOCK_CAPTURE_AUTORELEASING = YES;
				CLANG_WARN_BOOL_CONVERSION = YES;
				CLANG_WARN_COMMA = YES;
				CLANG_WARN_CONSTANT_CONVERSION = YES;
				CLANG_WARN_DEPRECATED_OBJC_IMPLEMENTATIONS = YES;
				CLANG_WARN_DIRECT_OBJC_ISA_USAGE = YES_ERROR;
				CLANG_WARN_DOCUMENTATION_COMMENTS = YES;
				CLANG_WARN_EMPTY_BODY = YES;
				CLANG_WARN_ENUM_CONVERSION = YES;
				CLANG_WARN_INFINITE_RECURSION = YES;
				CLANG_WARN_INT_CONVERSION = YES;
				CLANG_WARN_NON_LITERAL_NULL_CONVERSION = YES;
				CLANG_WARN_OBJC_IMPLICIT_RETAIN_SELF = YES;
				CLANG_WARN_OBJC_LITERAL_CONVERSION = YES;
				CLANG_WARN_OBJC_ROOT_CLASS = YES_ERROR;
				CLANG_WARN_QUOTED_INCLUDE_IN_FRAMEWORK_HEADER = YES;
				CLANG_WARN_RANGE_LOOP_ANALYSIS = YES;
				CLANG_WARN_STRICT_PROTOTYPES = YES;
				CLANG_WARN_SUSPICIOUS_MOVE = YES;
				CLANG_WARN_UNGUARDED_AVAILABILITY = YES_AGGRESSIVE;
				CLANG_WARN_UNREACHABLE_CODE = YES;
				CLANG_WARN__DUPLICATE_METHOD_MATCH = YES;
				COPY_PHASE_STRIP = NO;
				DEBUG_INFORMATION_FORMAT = dwarf;
				ENABLE_STRICT_OBJC_MSGSEND = YES;
				ENABLE_TESTABILITY = YES;
				ENABLE_USER_SCRIPT_SANDBOXING = YES;
				GCC_C_LANGUAGE_STANDARD = gnu17;
				GCC_DYNAMIC_NO_PIC = NO;
				GCC_NO_COMMON_BLOCKS = YES;
				GCC_OPTIMIZATION_LEVEL = 0;
				GCC_PREPROCESSOR_DEFINITIONS = (
					"DEBUG=1",
					"$(inherited)",
				);
				GCC_WARN_64_TO_32_BIT_CONVERSION = YES;
				GCC_WARN_ABOUT_RETURN_TYPE = YES_ERROR;
				GCC_WARN_UNDECLARED_SELECTOR = YES;
				GCC_WARN_UNINITIALIZED_AUTOS = YES_AGGRESSIVE;
				GCC_WARN_UNUSED_FUNCTION = YES;
				GCC_WARN_UNUSED_VARIABLE = YES;
				IPHONEOS_DEPLOYMENT_TARGET = 15.0;
				LOCALIZATION_PREFERS_STRING_CATALOGS = YES;
				MTL_ENABLE_DEBUG_INFO = INCLUDE_SOURCE;
				MTL_FAST_MATH = YES;
				ONLY_ACTIVE_ARCH = YES;
				SDKROOT = iphoneos;
				SWIFT_ACTIVE_COMPILATION_CONDITIONS = "DEBUG $(inherited)";
				SWIFT_OPTIMIZATION_LEVEL = "-Onone";
			};
			name = Debug;
		};
		6E74E5E02AC3D5FF0026627D /* Release */ = {
			isa = XCBuildConfiguration;
			buildSettings = {
				ALWAYS_SEARCH_USER_PATHS = NO;
				ASSETCATALOG_COMPILER_GENERATE_SWIFT_ASSET_SYMBOL_EXTENSIONS = YES;
				CLANG_ANALYZER_LOCALIZABILITY_NONLOCALIZED = YES;
				CLANG_ANALYZER_NONNULL = YES;
				CLANG_ANALYZER_NUMBER_OBJECT_CONVERSION = YES_AGGRESSIVE;
				CLANG_CXX_LANGUAGE_STANDARD = "gnu++20";
				CLANG_ENABLE_MODULES = YES;
				CLANG_ENABLE_OBJC_ARC = YES;
				CLANG_ENABLE_OBJC_WEAK = YES;
				CLANG_WARN_BLOCK_CAPTURE_AUTORELEASING = YES;
				CLANG_WARN_BOOL_CONVERSION = YES;
				CLANG_WARN_COMMA = YES;
				CLANG_WARN_CONSTANT_CONVERSION = YES;
				CLANG_WARN_DEPRECATED_OBJC_IMPLEMENTATIONS = YES;
				CLANG_WARN_DIRECT_OBJC_ISA_USAGE = YES_ERROR;
				CLANG_WARN_DOCUMENTATION_COMMENTS = YES;
				CLANG_WARN_EMPTY_BODY = YES;
				CLANG_WARN_ENUM_CONVERSION = YES;
				CLANG_WARN_INFINITE_RECURSION = YES;
				CLANG_WARN_INT_CONVERSION = YES;
				CLANG_WARN_NON_LITERAL_NULL_CONVERSION = YES;
				CLANG_WARN_OBJC_IMPLICIT_RETAIN_SELF = YES;
				CLANG_WARN_OBJC_LITERAL_CONVERSION = YES;
				CLANG_WARN_OBJC_ROOT_CLASS = YES_ERROR;
				CLANG_WARN_QUOTED_INCLUDE_IN_FRAMEWORK_HEADER = YES;
				CLANG_WARN_RANGE_LOOP_ANALYSIS = YES;
				CLANG_WARN_STRICT_PROTOTYPES = YES;
				CLANG_WARN_SUSPICIOUS_MOVE = YES;
				CLANG_WARN_UNGUARDED_AVAILABILITY = YES_AGGRESSIVE;
				CLANG_WARN_UNREACHABLE_CODE = YES;
				CLANG_WARN__DUPLICATE_METHOD_MATCH = YES;
				COPY_PHASE_STRIP = NO;
				DEBUG_INFORMATION_FORMAT = "dwarf-with-dsym";
				ENABLE_NS_ASSERTIONS = NO;
				ENABLE_STRICT_OBJC_MSGSEND = YES;
				ENABLE_USER_SCRIPT_SANDBOXING = YES;
				GCC_C_LANGUAGE_STANDARD = gnu17;
				GCC_NO_COMMON_BLOCKS = YES;
				GCC_WARN_64_TO_32_BIT_CONVERSION = YES;
				GCC_WARN_ABOUT_RETURN_TYPE = YES_ERROR;
				GCC_WARN_UNDECLARED_SELECTOR = YES;
				GCC_WARN_UNINITIALIZED_AUTOS = YES_AGGRESSIVE;
				GCC_WARN_UNUSED_FUNCTION = YES;
				GCC_WARN_UNUSED_VARIABLE = YES;
				IPHONEOS_DEPLOYMENT_TARGET = 15.0;
				LOCALIZATION_PREFERS_STRING_CATALOGS = YES;
				MTL_ENABLE_DEBUG_INFO = NO;
				MTL_FAST_MATH = YES;
				SDKROOT = iphoneos;
				SWIFT_COMPILATION_MODE = wholemodule;
				VALIDATE_PRODUCT = YES;
			};
			name = Release;
		};
		6E74E5E22AC3D5FF0026627D /* Debug */ = {
			isa = XCBuildConfiguration;
			buildSettings = {
				ASSETCATALOG_COMPILER_APPICON_NAME = AppIcon;
				ASSETCATALOG_COMPILER_GLOBAL_ACCENT_COLOR_NAME = AccentColor;
				CODE_SIGN_STYLE = Automatic;
				CURRENT_PROJECT_VERSION = 1;
				DEBUG_INFORMATION_FORMAT = "dwarf-with-dsym";
				DEVELOPMENT_TEAM = B24G869DB7;
				GENERATE_INFOPLIST_FILE = YES;
				INFOPLIST_FILE = MoaMoa/Info.plist;
				INFOPLIST_KEY_LSApplicationCategoryType = "public.app-category.lifestyle";
				INFOPLIST_KEY_UIApplicationSupportsIndirectInputEvents = YES;
				INFOPLIST_KEY_UILaunchStoryboardName = LaunchScreen;
				INFOPLIST_KEY_UIStatusBarStyle = "";
				INFOPLIST_KEY_UISupportedInterfaceOrientations = UIInterfaceOrientationPortrait;
				INFOPLIST_KEY_UISupportedInterfaceOrientations_iPad = "UIInterfaceOrientationLandscapeLeft UIInterfaceOrientationLandscapeRight UIInterfaceOrientationPortrait UIInterfaceOrientationPortraitUpsideDown";
				IPHONEOS_DEPLOYMENT_TARGET = 15.0;
				LD_RUNPATH_SEARCH_PATHS = (
					"$(inherited)",
					"@executable_path/Frameworks",
				);
				MARKETING_VERSION = 1.0.1;
				PRODUCT_BUNDLE_IDENTIFIER = com.jaebeen.MoaMoa;
				PRODUCT_NAME = "$(TARGET_NAME)";
				SUPPORTED_PLATFORMS = "iphoneos iphonesimulator";
				SUPPORTS_MACCATALYST = NO;
				SUPPORTS_MAC_DESIGNED_FOR_IPHONE_IPAD = NO;
				SWIFT_EMIT_LOC_STRINGS = YES;
				SWIFT_VERSION = 5.0;
				TARGETED_DEVICE_FAMILY = 1;
			};
			name = Debug;
		};
		6E74E5E32AC3D5FF0026627D /* Release */ = {
			isa = XCBuildConfiguration;
			buildSettings = {
				ASSETCATALOG_COMPILER_APPICON_NAME = AppIcon;
				ASSETCATALOG_COMPILER_GLOBAL_ACCENT_COLOR_NAME = AccentColor;
				CODE_SIGN_STYLE = Automatic;
				CURRENT_PROJECT_VERSION = 1;
				DEBUG_INFORMATION_FORMAT = "dwarf-with-dsym";
				DEVELOPMENT_TEAM = B24G869DB7;
				GENERATE_INFOPLIST_FILE = YES;
				INFOPLIST_FILE = MoaMoa/Info.plist;
				INFOPLIST_KEY_LSApplicationCategoryType = "public.app-category.lifestyle";
				INFOPLIST_KEY_UIApplicationSupportsIndirectInputEvents = YES;
				INFOPLIST_KEY_UILaunchStoryboardName = LaunchScreen;
				INFOPLIST_KEY_UIStatusBarStyle = "";
				INFOPLIST_KEY_UISupportedInterfaceOrientations = UIInterfaceOrientationPortrait;
				INFOPLIST_KEY_UISupportedInterfaceOrientations_iPad = "UIInterfaceOrientationLandscapeLeft UIInterfaceOrientationLandscapeRight UIInterfaceOrientationPortrait UIInterfaceOrientationPortraitUpsideDown";
				IPHONEOS_DEPLOYMENT_TARGET = 15.0;
				LD_RUNPATH_SEARCH_PATHS = (
					"$(inherited)",
					"@executable_path/Frameworks",
				);
				MARKETING_VERSION = 1.0.1;
				PRODUCT_BUNDLE_IDENTIFIER = com.jaebeen.MoaMoa;
				PRODUCT_NAME = "$(TARGET_NAME)";
				SUPPORTED_PLATFORMS = "iphoneos iphonesimulator";
				SUPPORTS_MACCATALYST = NO;
				SUPPORTS_MAC_DESIGNED_FOR_IPHONE_IPAD = NO;
				SWIFT_EMIT_LOC_STRINGS = YES;
				SWIFT_VERSION = 5.0;
				TARGETED_DEVICE_FAMILY = 1;
			};
			name = Release;
		};
/* End XCBuildConfiguration section */

/* Begin XCConfigurationList section */
		6E74E5C82AC3D5FE0026627D /* Build configuration list for PBXProject "MoaMoa" */ = {
			isa = XCConfigurationList;
			buildConfigurations = (
				6E74E5DF2AC3D5FF0026627D /* Debug */,
				6E74E5E02AC3D5FF0026627D /* Release */,
			);
			defaultConfigurationIsVisible = 0;
			defaultConfigurationName = Release;
		};
		6E74E5E12AC3D5FF0026627D /* Build configuration list for PBXNativeTarget "MoaMoa" */ = {
			isa = XCConfigurationList;
			buildConfigurations = (
				6E74E5E22AC3D5FF0026627D /* Debug */,
				6E74E5E32AC3D5FF0026627D /* Release */,
			);
			defaultConfigurationIsVisible = 0;
			defaultConfigurationName = Release;
		};
/* End XCConfigurationList section */

/* Begin XCRemoteSwiftPackageReference section */
		6E46C9C82ADE366200B519E3 /* XCRemoteSwiftPackageReference "Toast-Swift" */ = {
			isa = XCRemoteSwiftPackageReference;
			repositoryURL = "https://github.com/scalessec/Toast-Swift.git";
			requirement = {
				kind = upToNextMajorVersion;
				minimumVersion = 5.0.1;
			};
		};
		6E74E6562AC960C90026627D /* XCRemoteSwiftPackageReference "realm-swift" */ = {
			isa = XCRemoteSwiftPackageReference;
			repositoryURL = "https://github.com/realm/realm-swift.git";
			requirement = {
				branch = master;
				kind = branch;
			};
		};
		6EA78EA02AD92142000B0B93 /* XCRemoteSwiftPackageReference "IQKeyboardManager" */ = {
			isa = XCRemoteSwiftPackageReference;
			repositoryURL = "https://github.com/hackiftekhar/IQKeyboardManager.git";
			requirement = {
				kind = upToNextMajorVersion;
				minimumVersion = 6.5.15;
			};
		};
		6EA7F08E2AD7BA8800A11ACD /* XCRemoteSwiftPackageReference "SnapKit" */ = {
			isa = XCRemoteSwiftPackageReference;
			repositoryURL = "https://github.com/SnapKit/SnapKit.git";
			requirement = {
				kind = upToNextMajorVersion;
				minimumVersion = 5.6.0;
			};
		};
/* End XCRemoteSwiftPackageReference section */

/* Begin XCSwiftPackageProductDependency section */
		6E46C9C92ADE366200B519E3 /* Toast */ = {
			isa = XCSwiftPackageProductDependency;
			package = 6E46C9C82ADE366200B519E3 /* XCRemoteSwiftPackageReference "Toast-Swift" */;
			productName = Toast;
		};
		6E74E6572AC960C90026627D /* Realm */ = {
			isa = XCSwiftPackageProductDependency;
			package = 6E74E6562AC960C90026627D /* XCRemoteSwiftPackageReference "realm-swift" */;
			productName = Realm;
		};
		6E74E6592AC960C90026627D /* RealmSwift */ = {
			isa = XCSwiftPackageProductDependency;
			package = 6E74E6562AC960C90026627D /* XCRemoteSwiftPackageReference "realm-swift" */;
			productName = RealmSwift;
		};
		6EA78EA12AD92142000B0B93 /* IQKeyboardManagerSwift */ = {
			isa = XCSwiftPackageProductDependency;
			package = 6EA78EA02AD92142000B0B93 /* XCRemoteSwiftPackageReference "IQKeyboardManager" */;
			productName = IQKeyboardManagerSwift;
		};
		6EA7F08F2AD7BA8800A11ACD /* SnapKit */ = {
			isa = XCSwiftPackageProductDependency;
			package = 6EA7F08E2AD7BA8800A11ACD /* XCRemoteSwiftPackageReference "SnapKit" */;
			productName = SnapKit;
		};
/* End XCSwiftPackageProductDependency section */
	};
	rootObject = 6E74E5C52AC3D5FE0026627D /* Project object */;
}
